databaseChangeLog:
  - changeSet:
      id: 3
      author: admin
      changes:
        - createTable:
            tableName: shedlock
            columns:
              - column:
                  name: name
                  type: varchar(64)
                  constraints:
                    primaryKey: true
              - column:
                  name: lock_until
                  type: timestamptz
              - column:
                  name: locked_at
                  type: timestamptz
              - column:
                  name: locked_by
                  type: varchar(255)